{
  "lockfileVersion": 1,
  "workspaces": {
    "": {
      "name": "@api",
      "dependencies": {
        "@trpc/server": "^11.4.3",
        "zod": "^3.25.75",
      },
    },
  },
  "packages": {
    "@trpc/server": ["@trpc/server@11.4.3", "", { "peerDependencies": { "typescript": ">=5.7.2" } }, "sha512-wnWq3wiLlMOlYkaIZz+qbuYA5udPTLS4GVVRyFkr6aT83xpdCHyVtURT+u4hSoIrOXQM9OPCNXSXsAujWZDdaw=="],

    "typescript": ["typescript@5.8.3", "", { "bin": { "tsc": "bin/tsc", "tsserver": "bin/tsserver" } }, "sha512-p1diW6TqL9L07nNxvRMM7hMMw4c5XOo/1ibL4aAIGmSAt9slTE1Xgw5KWuof2uTOvCg9BY7ZRi+GaF+7sfgPeQ=="],

    "zod": ["zod@3.25.75", "", {}, "sha512-OhpzAmVzabPOL6C3A3gpAifqr9MqihV/Msx3gor2b2kviCgcb+HM9SEOpMWwwNp9MRunWnhtAKUoo0AHhjyPPg=="],
  }
}
